// !$*UTF8*$!
{
	archiveVersion = 1;
	classes = {
	};
	objectVersion = 56;
	objects = {

/* Begin PBXBuildFile section */
		0A8FC0B52BD7548F008467CE /* FlexFitApp.swift in Sources */ = {isa = PBXBuildFile; fileRef = 0A8FC0B42BD7548F008467CE /* FlexFitApp.swift */; };
		0A8FC0B72BD7548F008467CE /* ContentView.swift in Sources */ = {isa = PBXBuildFile; fileRef = 0A8FC0B62BD7548F008467CE /* ContentView.swift */; };
		0A8FC0B92BD75491008467CE /* Assets.xcassets in Resources */ = {isa = PBXBuildFile; fileRef = 0A8FC0B82BD75491008467CE /* Assets.xcassets */; };
		0A8FC0BC2BD75491008467CE /* Preview Assets.xcassets in Resources */ = {isa = PBXBuildFile; fileRef = 0A8FC0BB2BD75491008467CE /* Preview Assets.xcassets */; };
		0A8FC0C62BD75491008467CE /* FlexFitTests.swift in Sources */ = {isa = PBXBuildFile; fileRef = 0A8FC0C52BD75491008467CE /* FlexFitTests.swift */; };
		0A8FC0D02BD75491008467CE /* FlexFitUITests.swift in Sources */ = {isa = PBXBuildFile; fileRef = 0A8FC0CF2BD75491008467CE /* FlexFitUITests.swift */; };
		0A8FC0D22BD75491008467CE /* FlexFitUITestsLaunchTests.swift in Sources */ = {isa = PBXBuildFile; fileRef = 0A8FC0D12BD75491008467CE /* FlexFitUITestsLaunchTests.swift */; };
		0AE3E2CE2BDB0C0400D5B1A9 /* Launch Screen.storyboard in Resources */ = {isa = PBXBuildFile; fileRef = 0AE3E2CD2BDB0C0400D5B1A9 /* Launch Screen.storyboard */; };
		7A60F47A2BD175B8001F61A9 /* BicepExercisesView.swift in Sources */ = {isa = PBXBuildFile; fileRef = 7A60F4792BD175B8001F61A9 /* BicepExercisesView.swift */; };
		7A60F47E2BD17F61001F61A9 /* TricepExercisesView.swift in Sources */ = {isa = PBXBuildFile; fileRef = 7A60F47D2BD17F61001F61A9 /* TricepExercisesView.swift */; };
		7A60F4822BD18C9A001F61A9 /* AbExercisesView.swift in Sources */ = {isa = PBXBuildFile; fileRef = 7A60F4812BD18C9A001F61A9 /* AbExercisesView.swift */; };
		7A60F4862BD190EC001F61A9 /* ShoulderExercisesView.swift in Sources */ = {isa = PBXBuildFile; fileRef = 7A60F4852BD190EC001F61A9 /* ShoulderExercisesView.swift */; };
		7A60F48C2BD19539001F61A9 /* QuadExercisesView.swift in Sources */ = {isa = PBXBuildFile; fileRef = 7A60F48B2BD19539001F61A9 /* QuadExercisesView.swift */; };
		7A60F4902BD1995C001F61A9 /* ChestExercisesView.swift in Sources */ = {isa = PBXBuildFile; fileRef = 7A60F48F2BD1995C001F61A9 /* ChestExercisesView.swift */; };
		7A9CF2072BD1C1E6001E9617 /* Exercises.swift in Sources */ = {isa = PBXBuildFile; fileRef = 7A9CF2062BD1C1E6001E9617 /* Exercises.swift */; };
		7A9CF2092BD1C29E001E9617 /* ExerciseInstructions.json in Resources */ = {isa = PBXBuildFile; fileRef = 7A9CF2082BD1C29E001E9617 /* ExerciseInstructions.json */; };
		7A9CF20B2BD1C317001E9617 /* InstructionView.swift in Sources */ = {isa = PBXBuildFile; fileRef = 7A9CF20A2BD1C317001E9617 /* InstructionView.swift */; };
		7A9CF20D2BD1C472001E9617 /* Bundle-Decodable.swift in Sources */ = {isa = PBXBuildFile; fileRef = 7A9CF20C2BD1C472001E9617 /* Bundle-Decodable.swift */; };
		ADC41F982BDDD07000F05820 /* BMRCalculatorView.swift in Sources */ = {isa = PBXBuildFile; fileRef = ADC41F972BDDD07000F05820 /* BMRCalculatorView.swift */; };
		ADC41F9A2BDDD2B700F05820 /* BMICalculatorView.swift in Sources */ = {isa = PBXBuildFile; fileRef = ADC41F992BDDD2B700F05820 /* BMICalculatorView.swift */; };
		ADC41F9C2BDDD2FC00F05820 /* MusclesMainPageView.swift in Sources */ = {isa = PBXBuildFile; fileRef = ADC41F9B2BDDD2FC00F05820 /* MusclesMainPageView.swift */; };
		ADC41F9E2BDDDC6100F05820 /* HomeView.swift in Sources */ = {isa = PBXBuildFile; fileRef = ADC41F9D2BDDDC6100F05820 /* HomeView.swift */; };
		ADC41FA02BDDDC9C00F05820 /* ProfileView.swift in Sources */ = {isa = PBXBuildFile; fileRef = ADC41F9F2BDDDC9C00F05820 /* ProfileView.swift */; };
		ADC41FA22BDDDCA800F05820 /* SettingsView.swift in Sources */ = {isa = PBXBuildFile; fileRef = ADC41FA12BDDDCA800F05820 /* SettingsView.swift */; };
/* End PBXBuildFile section */

/* Begin PBXContainerItemProxy section */
		0A8FC0C22BD75491008467CE /* PBXContainerItemProxy */ = {
			isa = PBXContainerItemProxy;
			containerPortal = 0A8FC0A92BD7548F008467CE /* Project object */;
			proxyType = 1;
			remoteGlobalIDString = 0A8FC0B02BD7548F008467CE;
			remoteInfo = FlexFit;
		};
		0A8FC0CC2BD75491008467CE /* PBXContainerItemProxy */ = {
			isa = PBXContainerItemProxy;
			containerPortal = 0A8FC0A92BD7548F008467CE /* Project object */;
			proxyType = 1;
			remoteGlobalIDString = 0A8FC0B02BD7548F008467CE;
			remoteInfo = FlexFit;
		};
/* End PBXContainerItemProxy section */

/* Begin PBXFileReference section */
		0A8FC0B12BD7548F008467CE /* FlexFit.app */ = {isa = PBXFileReference; explicitFileType = wrapper.application; includeInIndex = 0; path = FlexFit.app; sourceTree = BUILT_PRODUCTS_DIR; };
		0A8FC0B42BD7548F008467CE /* FlexFitApp.swift */ = {isa = PBXFileReference; lastKnownFileType = sourcecode.swift; path = FlexFitApp.swift; sourceTree = "<group>"; };
		0A8FC0B62BD7548F008467CE /* ContentView.swift */ = {isa = PBXFileReference; lastKnownFileType = sourcecode.swift; path = ContentView.swift; sourceTree = "<group>"; };
		0A8FC0B82BD75491008467CE /* Assets.xcassets */ = {isa = PBXFileReference; lastKnownFileType = folder.assetcatalog; path = Assets.xcassets; sourceTree = "<group>"; };
		0A8FC0BB2BD75491008467CE /* Preview Assets.xcassets */ = {isa = PBXFileReference; lastKnownFileType = folder.assetcatalog; path = "Preview Assets.xcassets"; sourceTree = "<group>"; };
		0A8FC0C12BD75491008467CE /* FlexFitTests.xctest */ = {isa = PBXFileReference; explicitFileType = wrapper.cfbundle; includeInIndex = 0; path = FlexFitTests.xctest; sourceTree = BUILT_PRODUCTS_DIR; };
		0A8FC0C52BD75491008467CE /* FlexFitTests.swift */ = {isa = PBXFileReference; lastKnownFileType = sourcecode.swift; path = FlexFitTests.swift; sourceTree = "<group>"; };
		0A8FC0CB2BD75491008467CE /* FlexFitUITests.xctest */ = {isa = PBXFileReference; explicitFileType = wrapper.cfbundle; includeInIndex = 0; path = FlexFitUITests.xctest; sourceTree = BUILT_PRODUCTS_DIR; };
		0A8FC0CF2BD75491008467CE /* FlexFitUITests.swift */ = {isa = PBXFileReference; lastKnownFileType = sourcecode.swift; path = FlexFitUITests.swift; sourceTree = "<group>"; };
		0A8FC0D12BD75491008467CE /* FlexFitUITestsLaunchTests.swift */ = {isa = PBXFileReference; lastKnownFileType = sourcecode.swift; path = FlexFitUITestsLaunchTests.swift; sourceTree = "<group>"; };
		0AE3E2CD2BDB0C0400D5B1A9 /* Launch Screen.storyboard */ = {isa = PBXFileReference; lastKnownFileType = file.storyboard; path = "Launch Screen.storyboard"; sourceTree = "<group>"; };
		7A60F4792BD175B8001F61A9 /* BicepExercisesView.swift */ = {isa = PBXFileReference; lastKnownFileType = sourcecode.swift; path = BicepExercisesView.swift; sourceTree = "<group>"; };
		7A60F47D2BD17F61001F61A9 /* TricepExercisesView.swift */ = {isa = PBXFileReference; lastKnownFileType = sourcecode.swift; path = TricepExercisesView.swift; sourceTree = "<group>"; };
		7A60F4812BD18C9A001F61A9 /* AbExercisesView.swift */ = {isa = PBXFileReference; lastKnownFileType = sourcecode.swift; path = AbExercisesView.swift; sourceTree = "<group>"; };
		7A60F4852BD190EC001F61A9 /* ShoulderExercisesView.swift */ = {isa = PBXFileReference; lastKnownFileType = sourcecode.swift; path = ShoulderExercisesView.swift; sourceTree = "<group>"; };
		7A60F48B2BD19539001F61A9 /* QuadExercisesView.swift */ = {isa = PBXFileReference; lastKnownFileType = sourcecode.swift; path = QuadExercisesView.swift; sourceTree = "<group>"; };
		7A60F48F2BD1995C001F61A9 /* ChestExercisesView.swift */ = {isa = PBXFileReference; lastKnownFileType = sourcecode.swift; path = ChestExercisesView.swift; sourceTree = "<group>"; };
		7A9CF2062BD1C1E6001E9617 /* Exercises.swift */ = {isa = PBXFileReference; lastKnownFileType = sourcecode.swift; path = Exercises.swift; sourceTree = "<group>"; };
		7A9CF2082BD1C29E001E9617 /* ExerciseInstructions.json */ = {isa = PBXFileReference; lastKnownFileType = text.json; path = ExerciseInstructions.json; sourceTree = "<group>"; };
		7A9CF20A2BD1C317001E9617 /* InstructionView.swift */ = {isa = PBXFileReference; lastKnownFileType = sourcecode.swift; path = InstructionView.swift; sourceTree = "<group>"; };
		7A9CF20C2BD1C472001E9617 /* Bundle-Decodable.swift */ = {isa = PBXFileReference; lastKnownFileType = sourcecode.swift; path = "Bundle-Decodable.swift"; sourceTree = "<group>"; };
		ADC41F972BDDD07000F05820 /* BMRCalculatorView.swift */ = {isa = PBXFileReference; lastKnownFileType = sourcecode.swift; path = BMRCalculatorView.swift; sourceTree = "<group>"; };
		ADC41F992BDDD2B700F05820 /* BMICalculatorView.swift */ = {isa = PBXFileReference; lastKnownFileType = sourcecode.swift; path = BMICalculatorView.swift; sourceTree = "<group>"; };
		ADC41F9B2BDDD2FC00F05820 /* MusclesMainPageView.swift */ = {isa = PBXFileReference; lastKnownFileType = sourcecode.swift; path = MusclesMainPageView.swift; sourceTree = "<group>"; };
		ADC41F9D2BDDDC6100F05820 /* HomeView.swift */ = {isa = PBXFileReference; lastKnownFileType = sourcecode.swift; path = HomeView.swift; sourceTree = "<group>"; };
		ADC41F9F2BDDDC9C00F05820 /* ProfileView.swift */ = {isa = PBXFileReference; lastKnownFileType = sourcecode.swift; path = ProfileView.swift; sourceTree = "<group>"; };
		ADC41FA12BDDDCA800F05820 /* SettingsView.swift */ = {isa = PBXFileReference; lastKnownFileType = sourcecode.swift; path = SettingsView.swift; sourceTree = "<group>"; };
/* End PBXFileReference section */

/* Begin PBXFrameworksBuildPhase section */
		0A8FC0AE2BD7548F008467CE /* Frameworks */ = {
			isa = PBXFrameworksBuildPhase;
			buildActionMask = 2147483647;
			files = (
			);
			runOnlyForDeploymentPostprocessing = 0;
		};
		0A8FC0BE2BD75491008467CE /* Frameworks */ = {
			isa = PBXFrameworksBuildPhase;
			buildActionMask = 2147483647;
			files = (
			);
			runOnlyForDeploymentPostprocessing = 0;
		};
		0A8FC0C82BD75491008467CE /* Frameworks */ = {
			isa = PBXFrameworksBuildPhase;
			buildActionMask = 2147483647;
			files = (
			);
			runOnlyForDeploymentPostprocessing = 0;
		};
/* End PBXFrameworksBuildPhase section */

/* Begin PBXGroup section */
		0A8FC0A82BD7548F008467CE = {
			isa = PBXGroup;
			children = (
				0A8FC0B32BD7548F008467CE /* FlexFit */,
				0A8FC0C42BD75491008467CE /* FlexFitTests */,
				0A8FC0CE2BD75491008467CE /* FlexFitUITests */,
				0A8FC0B22BD7548F008467CE /* Products */,
			);
			sourceTree = "<group>";
		};
		0A8FC0B22BD7548F008467CE /* Products */ = {
			isa = PBXGroup;
			children = (
				0A8FC0B12BD7548F008467CE /* FlexFit.app */,
				0A8FC0C12BD75491008467CE /* FlexFitTests.xctest */,
				0A8FC0CB2BD75491008467CE /* FlexFitUITests.xctest */,
			);
			name = Products;
			sourceTree = "<group>";
		};
		0A8FC0B32BD7548F008467CE /* FlexFit */ = {
			isa = PBXGroup;
			children = (
				0A8FC0B42BD7548F008467CE /* FlexFitApp.swift */,
				0A8FC0B62BD7548F008467CE /* ContentView.swift */,
				0AE3E2CD2BDB0C0400D5B1A9 /* Launch Screen.storyboard */,
				0A8FC0B82BD75491008467CE /* Assets.xcassets */,
				0A8FC0BA2BD75491008467CE /* Preview Content */,
				ADC41F972BDDD07000F05820 /* BMRCalculatorView.swift */,
				ADC41F992BDDD2B700F05820 /* BMICalculatorView.swift */,
				7A9CF2082BD1C29E001E9617 /* ExerciseInstructions.json */,
				ADC41F9B2BDDD2FC00F05820 /* MusclesMainPageView.swift */,
				ADC41F9D2BDDDC6100F05820 /* HomeView.swift */,
				7A9CF2062BD1C1E6001E9617 /* Exercises.swift */,
				7A9CF20A2BD1C317001E9617 /* InstructionView.swift */,
				7A9CF20C2BD1C472001E9617 /* Bundle-Decodable.swift */,
				7A60F48F2BD1995C001F61A9 /* ChestExercisesView.swift */,
				7A60F4792BD175B8001F61A9 /* BicepExercisesView.swift */,
				7A60F48B2BD19539001F61A9 /* QuadExercisesView.swift */,
				7A60F47D2BD17F61001F61A9 /* TricepExercisesView.swift */,
				7A60F4852BD190EC001F61A9 /* ShoulderExercisesView.swift */,
				7A60F4812BD18C9A001F61A9 /* AbExercisesView.swift */,
				ADC41F9F2BDDDC9C00F05820 /* ProfileView.swift */,
				ADC41FA12BDDDCA800F05820 /* SettingsView.swift */,
			);
			path = FlexFit;
			sourceTree = "<group>";
		};
		0A8FC0BA2BD75491008467CE /* Preview Content */ = {
			isa = PBXGroup;
			children = (
				0A8FC0BB2BD75491008467CE /* Preview Assets.xcassets */,
			);
			path = "Preview Content";
			sourceTree = "<group>";
		};
		0A8FC0C42BD75491008467CE /* FlexFitTests */ = {
			isa = PBXGroup;
			children = (
				0A8FC0C52BD75491008467CE /* FlexFitTests.swift */,
			);
			path = FlexFitTests;
			sourceTree = "<group>";
		};
		0A8FC0CE2BD75491008467CE /* FlexFitUITests */ = {
			isa = PBXGroup;
			children = (
				0A8FC0CF2BD75491008467CE /* FlexFitUITests.swift */,
				0A8FC0D12BD75491008467CE /* FlexFitUITestsLaunchTests.swift */,
			);
			path = FlexFitUITests;
			sourceTree = "<group>";
		};
/* End PBXGroup section */

/* Begin PBXNativeTarget section */
		0A8FC0B02BD7548F008467CE /* FlexFit */ = {
			isa = PBXNativeTarget;
			buildConfigurationList = 0A8FC0D52BD75491008467CE /* Build configuration list for PBXNativeTarget "FlexFit" */;
			buildPhases = (
				0A8FC0AD2BD7548F008467CE /* Sources */,
				0A8FC0AE2BD7548F008467CE /* Frameworks */,
				0A8FC0AF2BD7548F008467CE /* Resources */,
			);
			buildRules = (
			);
			dependencies = (
			);
			name = FlexFit;
			productName = FlexFit;
			productReference = 0A8FC0B12BD7548F008467CE /* FlexFit.app */;
			productType = "com.apple.product-type.application";
		};
		0A8FC0C02BD75491008467CE /* FlexFitTests */ = {
			isa = PBXNativeTarget;
			buildConfigurationList = 0A8FC0D82BD75491008467CE /* Build configuration list for PBXNativeTarget "FlexFitTests" */;
			buildPhases = (
				0A8FC0BD2BD75491008467CE /* Sources */,
				0A8FC0BE2BD75491008467CE /* Frameworks */,
				0A8FC0BF2BD75491008467CE /* Resources */,
			);
			buildRules = (
			);
			dependencies = (
				0A8FC0C32BD75491008467CE /* PBXTargetDependency */,
			);
			name = FlexFitTests;
			productName = FlexFitTests;
			productReference = 0A8FC0C12BD75491008467CE /* FlexFitTests.xctest */;
			productType = "com.apple.product-type.bundle.unit-test";
		};
		0A8FC0CA2BD75491008467CE /* FlexFitUITests */ = {
			isa = PBXNativeTarget;
			buildConfigurationList = 0A8FC0DB2BD75491008467CE /* Build configuration list for PBXNativeTarget "FlexFitUITests" */;
			buildPhases = (
				0A8FC0C72BD75491008467CE /* Sources */,
				0A8FC0C82BD75491008467CE /* Frameworks */,
				0A8FC0C92BD75491008467CE /* Resources */,
			);
			buildRules = (
			);
			dependencies = (
				0A8FC0CD2BD75491008467CE /* PBXTargetDependency */,
			);
			name = FlexFitUITests;
			productName = FlexFitUITests;
			productReference = 0A8FC0CB2BD75491008467CE /* FlexFitUITests.xctest */;
			productType = "com.apple.product-type.bundle.ui-testing";
		};
/* End PBXNativeTarget section */

/* Begin PBXProject section */
		0A8FC0A92BD7548F008467CE /* Project object */ = {
			isa = PBXProject;
			attributes = {
				BuildIndependentTargetsInParallel = 1;
				LastSwiftUpdateCheck = 1520;
				LastUpgradeCheck = 1520;
				TargetAttributes = {
					0A8FC0B02BD7548F008467CE = {
						CreatedOnToolsVersion = 15.2;
					};
					0A8FC0C02BD75491008467CE = {
						CreatedOnToolsVersion = 15.2;
						TestTargetID = 0A8FC0B02BD7548F008467CE;
					};
					0A8FC0CA2BD75491008467CE = {
						CreatedOnToolsVersion = 15.2;
						TestTargetID = 0A8FC0B02BD7548F008467CE;
					};
				};
			};
			buildConfigurationList = 0A8FC0AC2BD7548F008467CE /* Build configuration list for PBXProject "FlexFit" */;
			compatibilityVersion = "Xcode 14.0";
			developmentRegion = en;
			hasScannedForEncodings = 0;
			knownRegions = (
				en,
				Base,
			);
			mainGroup = 0A8FC0A82BD7548F008467CE;
			productRefGroup = 0A8FC0B22BD7548F008467CE /* Products */;
			projectDirPath = "";
			projectRoot = "";
			targets = (
				0A8FC0B02BD7548F008467CE /* FlexFit */,
				0A8FC0C02BD75491008467CE /* FlexFitTests */,
				0A8FC0CA2BD75491008467CE /* FlexFitUITests */,
			);
		};
/* End PBXProject section */

/* Begin PBXResourcesBuildPhase section */
		0A8FC0AF2BD7548F008467CE /* Resources */ = {
			isa = PBXResourcesBuildPhase;
			buildActionMask = 2147483647;
			files = (
				7A9CF2092BD1C29E001E9617 /* ExerciseInstructions.json in Resources */,
				0AE3E2CE2BDB0C0400D5B1A9 /* Launch Screen.storyboard in Resources */,
				0A8FC0BC2BD75491008467CE /* Preview Assets.xcassets in Resources */,
				0A8FC0B92BD75491008467CE /* Assets.xcassets in Resources */,
			);
			runOnlyForDeploymentPostprocessing = 0;
		};
		0A8FC0BF2BD75491008467CE /* Resources */ = {
			isa = PBXResourcesBuildPhase;
			buildActionMask = 2147483647;
			files = (
			);
			runOnlyForDeploymentPostprocessing = 0;
		};
		0A8FC0C92BD75491008467CE /* Resources */ = {
			isa = PBXResourcesBuildPhase;
			buildActionMask = 2147483647;
			files = (
			);
			runOnlyForDeploymentPostprocessing = 0;
		};
/* End PBXResourcesBuildPhase section */

/* Begin PBXSourcesBuildPhase section */
		0A8FC0AD2BD7548F008467CE /* Sources */ = {
			isa = PBXSourcesBuildPhase;
			buildActionMask = 2147483647;
			files = (
				ADC41F982BDDD07000F05820 /* BMRCalculatorView.swift in Sources */,
				7A60F48C2BD19539001F61A9 /* QuadExercisesView.swift in Sources */,
				ADC41FA22BDDDCA800F05820 /* SettingsView.swift in Sources */,
				7A60F4822BD18C9A001F61A9 /* AbExercisesView.swift in Sources */,
				7A60F4902BD1995C001F61A9 /* ChestExercisesView.swift in Sources */,
				0A8FC0B72BD7548F008467CE /* ContentView.swift in Sources */,
				7A9CF20D2BD1C472001E9617 /* Bundle-Decodable.swift in Sources */,
				ADC41F9C2BDDD2FC00F05820 /* MusclesMainPageView.swift in Sources */,
				7A9CF2072BD1C1E6001E9617 /* Exercises.swift in Sources */,
				ADC41F9E2BDDDC6100F05820 /* HomeView.swift in Sources */,
				7A60F4862BD190EC001F61A9 /* ShoulderExercisesView.swift in Sources */,
				0A8FC0B52BD7548F008467CE /* FlexFitApp.swift in Sources */,
				ADC41FA02BDDDC9C00F05820 /* ProfileView.swift in Sources */,
				7A60F47E2BD17F61001F61A9 /* TricepExercisesView.swift in Sources */,
				7A9CF20B2BD1C317001E9617 /* InstructionView.swift in Sources */,
				7A60F47A2BD175B8001F61A9 /* BicepExercisesView.swift in Sources */,
				ADC41F9A2BDDD2B700F05820 /* BMICalculatorView.swift in Sources */,
			);
			runOnlyForDeploymentPostprocessing = 0;
		};
		0A8FC0BD2BD75491008467CE /* Sources */ = {
			isa = PBXSourcesBuildPhase;
			buildActionMask = 2147483647;
			files = (
				0A8FC0C62BD75491008467CE /* FlexFitTests.swift in Sources */,
			);
			runOnlyForDeploymentPostprocessing = 0;
		};
		0A8FC0C72BD75491008467CE /* Sources */ = {
			isa = PBXSourcesBuildPhase;
			buildActionMask = 2147483647;
			files = (
				0A8FC0D02BD75491008467CE /* FlexFitUITests.swift in Sources */,
				0A8FC0D22BD75491008467CE /* FlexFitUITestsLaunchTests.swift in Sources */,
			);
			runOnlyForDeploymentPostprocessing = 0;
		};
/* End PBXSourcesBuildPhase section */

/* Begin PBXTargetDependency section */
		0A8FC0C32BD75491008467CE /* PBXTargetDependency */ = {
			isa = PBXTargetDependency;
			target = 0A8FC0B02BD7548F008467CE /* FlexFit */;
			targetProxy = 0A8FC0C22BD75491008467CE /* PBXContainerItemProxy */;
		};
		0A8FC0CD2BD75491008467CE /* PBXTargetDependency */ = {
			isa = PBXTargetDependency;
			target = 0A8FC0B02BD7548F008467CE /* FlexFit */;
			targetProxy = 0A8FC0CC2BD75491008467CE /* PBXContainerItemProxy */;
		};
/* End PBXTargetDependency section */

/* Begin XCBuildConfiguration section */
		0A8FC0D32BD75491008467CE /* Debug */ = {
			isa = XCBuildConfiguration;
			buildSettings = {
				ALWAYS_SEARCH_USER_PATHS = NO;
				ASSETCATALOG_COMPILER_GENERATE_SWIFT_ASSET_SYMBOL_EXTENSIONS = YES;
				CLANG_ANALYZER_NONNULL = YES;
				CLANG_ANALYZER_NUMBER_OBJECT_CONVERSION = YES_AGGRESSIVE;
				CLANG_CXX_LANGUAGE_STANDARD = "gnu++20";
				CLANG_ENABLE_MODULES = YES;
				CLANG_ENABLE_OBJC_ARC = YES;
				CLANG_ENABLE_OBJC_WEAK = YES;
				CLANG_WARN_BLOCK_CAPTURE_AUTORELEASING = YES;
				CLANG_WARN_BOOL_CONVERSION = YES;
				CLANG_WARN_COMMA = YES;
				CLANG_WARN_CONSTANT_CONVERSION = YES;
				CLANG_WARN_DEPRECATED_OBJC_IMPLEMENTATIONS = YES;
				CLANG_WARN_DIRECT_OBJC_ISA_USAGE = YES_ERROR;
				CLANG_WARN_DOCUMENTATION_COMMENTS = YES;
				CLANG_WARN_EMPTY_BODY = YES;
				CLANG_WARN_ENUM_CONVERSION = YES;
				CLANG_WARN_INFINITE_RECURSION = YES;
				CLANG_WARN_INT_CONVERSION = YES;
				CLANG_WARN_NON_LITERAL_NULL_CONVERSION = YES;
				CLANG_WARN_OBJC_IMPLICIT_RETAIN_SELF = YES;
				CLANG_WARN_OBJC_LITERAL_CONVERSION = YES;
				CLANG_WARN_OBJC_ROOT_CLASS = YES_ERROR;
				CLANG_WARN_QUOTED_INCLUDE_IN_FRAMEWORK_HEADER = YES;
				CLANG_WARN_RANGE_LOOP_ANALYSIS = YES;
				CLANG_WARN_STRICT_PROTOTYPES = YES;
				CLANG_WARN_SUSPICIOUS_MOVE = YES;
				CLANG_WARN_UNGUARDED_AVAILABILITY = YES_AGGRESSIVE;
				CLANG_WARN_UNREACHABLE_CODE = YES;
				CLANG_WARN__DUPLICATE_METHOD_MATCH = YES;
				COPY_PHASE_STRIP = NO;
				DEBUG_INFORMATION_FORMAT = dwarf;
				ENABLE_STRICT_OBJC_MSGSEND = YES;
				ENABLE_TESTABILITY = YES;
				ENABLE_USER_SCRIPT_SANDBOXING = YES;
				GCC_C_LANGUAGE_STANDARD = gnu17;
				GCC_DYNAMIC_NO_PIC = NO;
				GCC_NO_COMMON_BLOCKS = YES;
				GCC_OPTIMIZATION_LEVEL = 0;
				GCC_PREPROCESSOR_DEFINITIONS = (
					"DEBUG=1",
					"$(inherited)",
				);
				GCC_WARN_64_TO_32_BIT_CONVERSION = YES;
				GCC_WARN_ABOUT_RETURN_TYPE = YES_ERROR;
				GCC_WARN_UNDECLARED_SELECTOR = YES;
				GCC_WARN_UNINITIALIZED_AUTOS = YES_AGGRESSIVE;
				GCC_WARN_UNUSED_FUNCTION = YES;
				GCC_WARN_UNUSED_VARIABLE = YES;
				IPHONEOS_DEPLOYMENT_TARGET = 17.2;
				LOCALIZATION_PREFERS_STRING_CATALOGS = YES;
				MTL_ENABLE_DEBUG_INFO = INCLUDE_SOURCE;
				MTL_FAST_MATH = YES;
				ONLY_ACTIVE_ARCH = YES;
				SDKROOT = iphoneos;
				SWIFT_ACTIVE_COMPILATION_CONDITIONS = "DEBUG $(inherited)";
				SWIFT_OPTIMIZATION_LEVEL = "-Onone";
			};
			name = Debug;
		};
		0A8FC0D42BD75491008467CE /* Release */ = {
			isa = XCBuildConfiguration;
			buildSettings = {
				ALWAYS_SEARCH_USER_PATHS = NO;
				ASSETCATALOG_COMPILER_GENERATE_SWIFT_ASSET_SYMBOL_EXTENSIONS = YES;
				CLANG_ANALYZER_NONNULL = YES;
				CLANG_ANALYZER_NUMBER_OBJECT_CONVERSION = YES_AGGRESSIVE;
				CLANG_CXX_LANGUAGE_STANDARD = "gnu++20";
				CLANG_ENABLE_MODULES = YES;
				CLANG_ENABLE_OBJC_ARC = YES;
				CLANG_ENABLE_OBJC_WEAK = YES;
				CLANG_WARN_BLOCK_CAPTURE_AUTORELEASING = YES;
				CLANG_WARN_BOOL_CONVERSION = YES;
				CLANG_WARN_COMMA = YES;
				CLANG_WARN_CONSTANT_CONVERSION = YES;
				CLANG_WARN_DEPRECATED_OBJC_IMPLEMENTATIONS = YES;
				CLANG_WARN_DIRECT_OBJC_ISA_USAGE = YES_ERROR;
				CLANG_WARN_DOCUMENTATION_COMMENTS = YES;
				CLANG_WARN_EMPTY_BODY = YES;
				CLANG_WARN_ENUM_CONVERSION = YES;
				CLANG_WARN_INFINITE_RECURSION = YES;
				CLANG_WARN_INT_CONVERSION = YES;
				CLANG_WARN_NON_LITERAL_NULL_CONVERSION = YES;
				CLANG_WARN_OBJC_IMPLICIT_RETAIN_SELF = YES;
				CLANG_WARN_OBJC_LITERAL_CONVERSION = YES;
				CLANG_WARN_OBJC_ROOT_CLASS = YES_ERROR;
				CLANG_WARN_QUOTED_INCLUDE_IN_FRAMEWORK_HEADER = YES;
				CLANG_WARN_RANGE_LOOP_ANALYSIS = YES;
				CLANG_WARN_STRICT_PROTOTYPES = YES;
				CLANG_WARN_SUSPICIOUS_MOVE = YES;
				CLANG_WARN_UNGUARDED_AVAILABILITY = YES_AGGRESSIVE;
				CLANG_WARN_UNREACHABLE_CODE = YES;
				CLANG_WARN__DUPLICATE_METHOD_MATCH = YES;
				COPY_PHASE_STRIP = NO;
				DEBUG_INFORMATION_FORMAT = "dwarf-with-dsym";
				ENABLE_NS_ASSERTIONS = NO;
				ENABLE_STRICT_OBJC_MSGSEND = YES;
				ENABLE_USER_SCRIPT_SANDBOXING = YES;
				GCC_C_LANGUAGE_STANDARD = gnu17;
				GCC_NO_COMMON_BLOCKS = YES;
				GCC_WARN_64_TO_32_BIT_CONVERSION = YES;
				GCC_WARN_ABOUT_RETURN_TYPE = YES_ERROR;
				GCC_WARN_UNDECLARED_SELECTOR = YES;
				GCC_WARN_UNINITIALIZED_AUTOS = YES_AGGRESSIVE;
				GCC_WARN_UNUSED_FUNCTION = YES;
				GCC_WARN_UNUSED_VARIABLE = YES;
				IPHONEOS_DEPLOYMENT_TARGET = 17.2;
				LOCALIZATION_PREFERS_STRING_CATALOGS = YES;
				MTL_ENABLE_DEBUG_INFO = NO;
				MTL_FAST_MATH = YES;
				SDKROOT = iphoneos;
				SWIFT_COMPILATION_MODE = wholemodule;
				VALIDATE_PRODUCT = YES;
			};
			name = Release;
		};
		0A8FC0D62BD75491008467CE /* Debug */ = {
			isa = XCBuildConfiguration;
			buildSettings = {
				ASSETCATALOG_COMPILER_APPICON_NAME = AppIcon;
				ASSETCATALOG_COMPILER_GLOBAL_ACCENT_COLOR_NAME = AccentColor;
				CODE_SIGN_STYLE = Automatic;
				CURRENT_PROJECT_VERSION = 1;
				DEVELOPMENT_ASSET_PATHS = "\"FlexFit/Preview Content\"";
				DEVELOPMENT_TEAM = M2HFP4ZRPZ;
				ENABLE_PREVIEWS = YES;
				GENERATE_INFOPLIST_FILE = YES;
				INFOPLIST_KEY_UIApplicationSceneManifest_Generation = YES;
				INFOPLIST_KEY_UIApplicationSupportsIndirectInputEvents = YES;
				INFOPLIST_KEY_UILaunchScreen_Generation = YES;
				INFOPLIST_KEY_UILaunchStoryboardName = "Launch Screen.storyboard";
				INFOPLIST_KEY_UISupportedInterfaceOrientations_iPad = "UIInterfaceOrientationPortrait UIInterfaceOrientationPortraitUpsideDown UIInterfaceOrientationLandscapeLeft UIInterfaceOrientationLandscapeRight";
				INFOPLIST_KEY_UISupportedInterfaceOrientations_iPhone = "UIInterfaceOrientationPortrait UIInterfaceOrientationLandscapeLeft UIInterfaceOrientationLandscapeRight";
				LD_RUNPATH_SEARCH_PATHS = (
					"$(inherited)",
					"@executable_path/Frameworks",
				);
				MARKETING_VERSION = 1.0;
				PRODUCT_BUNDLE_IDENTIFIER = FlexFit.FlexFit;
				PRODUCT_NAME = "$(TARGET_NAME)";
				SWIFT_EMIT_LOC_STRINGS = YES;
				SWIFT_VERSION = 5.0;
				TARGETED_DEVICE_FAMILY = "1,2";
			};
			name = Debug;
		};
		0A8FC0D72BD75491008467CE /* Release */ = {
			isa = XCBuildConfiguration;
			buildSettings = {
				ASSETCATALOG_COMPILER_APPICON_NAME = AppIcon;
				ASSETCATALOG_COMPILER_GLOBAL_ACCENT_COLOR_NAME = AccentColor;
				CODE_SIGN_STYLE = Automatic;
				CURRENT_PROJECT_VERSION = 1;
				DEVELOPMENT_ASSET_PATHS = "\"FlexFit/Preview Content\"";
				DEVELOPMENT_TEAM = M2HFP4ZRPZ;
				ENABLE_PREVIEWS = YES;
				GENERATE_INFOPLIST_FILE = YES;
				INFOPLIST_KEY_UIApplicationSceneManifest_Generation = YES;
				INFOPLIST_KEY_UIApplicationSupportsIndirectInputEvents = YES;
				INFOPLIST_KEY_UILaunchScreen_Generation = YES;
				INFOPLIST_KEY_UILaunchStoryboardName = "Launch Screen.storyboard";
				INFOPLIST_KEY_UISupportedInterfaceOrientations_iPad = "UIInterfaceOrientationPortrait UIInterfaceOrientationPortraitUpsideDown UIInterfaceOrientationLandscapeLeft UIInterfaceOrientationLandscapeRight";
				INFOPLIST_KEY_UISupportedInterfaceOrientations_iPhone = "UIInterfaceOrientationPortrait UIInterfaceOrientationLandscapeLeft UIInterfaceOrientationLandscapeRight";
				LD_RUNPATH_SEARCH_PATHS = (
					"$(inherited)",
					"@executable_path/Frameworks",
				);
				MARKETING_VERSION = 1.0;
				PRODUCT_BUNDLE_IDENTIFIER = FlexFit.FlexFit;
				PRODUCT_NAME = "$(TARGET_NAME)";
				SWIFT_EMIT_LOC_STRINGS = YES;
				SWIFT_VERSION = 5.0;
				TARGETED_DEVICE_FAMILY = "1,2";
			};
			name = Release;
		};
		0A8FC0D92BD75491008467CE /* Debug */ = {
			isa = XCBuildConfiguration;
			buildSettings = {
				ALWAYS_EMBED_SWIFT_STANDARD_LIBRARIES = YES;
				BUNDLE_LOADER = "$(TEST_HOST)";
				CODE_SIGN_STYLE = Automatic;
				CURRENT_PROJECT_VERSION = 1;
				DEVELOPMENT_TEAM = M2HFP4ZRPZ;
				GENERATE_INFOPLIST_FILE = YES;
				IPHONEOS_DEPLOYMENT_TARGET = 17.2;
				MARKETING_VERSION = 1.0;
				PRODUCT_BUNDLE_IDENTIFIER = FlexFit.FlexFitTests;
				PRODUCT_NAME = "$(TARGET_NAME)";
				SWIFT_EMIT_LOC_STRINGS = NO;
				SWIFT_VERSION = 5.0;
				TARGETED_DEVICE_FAMILY = "1,2";
				TEST_HOST = "$(BUILT_PRODUCTS_DIR)/FlexFit.app/$(BUNDLE_EXECUTABLE_FOLDER_PATH)/FlexFit";
			};
			name = Debug;
		};
		0A8FC0DA2BD75491008467CE /* Release */ = {
			isa = XCBuildConfiguration;
			buildSettings = {
				ALWAYS_EMBED_SWIFT_STANDARD_LIBRARIES = YES;
				BUNDLE_LOADER = "$(TEST_HOST)";
				CODE_SIGN_STYLE = Automatic;
				CURRENT_PROJECT_VERSION = 1;
				DEVELOPMENT_TEAM = M2HFP4ZRPZ;
				GENERATE_INFOPLIST_FILE = YES;
				IPHONEOS_DEPLOYMENT_TARGET = 17.2;
				MARKETING_VERSION = 1.0;
				PRODUCT_BUNDLE_IDENTIFIER = FlexFit.FlexFitTests;
				PRODUCT_NAME = "$(TARGET_NAME)";
				SWIFT_EMIT_LOC_STRINGS = NO;
				SWIFT_VERSION = 5.0;
				TARGETED_DEVICE_FAMILY = "1,2";
				TEST_HOST = "$(BUILT_PRODUCTS_DIR)/FlexFit.app/$(BUNDLE_EXECUTABLE_FOLDER_PATH)/FlexFit";
			};
			name = Release;
		};
		0A8FC0DC2BD75491008467CE /* Debug */ = {
			isa = XCBuildConfiguration;
			buildSettings = {
				ALWAYS_EMBED_SWIFT_STANDARD_LIBRARIES = YES;
				CODE_SIGN_STYLE = Automatic;
				CURRENT_PROJECT_VERSION = 1;
				DEVELOPMENT_TEAM = M2HFP4ZRPZ;
				GENERATE_INFOPLIST_FILE = YES;
				MARKETING_VERSION = 1.0;
				PRODUCT_BUNDLE_IDENTIFIER = FlexFit.FlexFitUITests;
				PRODUCT_NAME = "$(TARGET_NAME)";
				SWIFT_EMIT_LOC_STRINGS = NO;
				SWIFT_VERSION = 5.0;
				TARGETED_DEVICE_FAMILY = "1,2";
				TEST_TARGET_NAME = FlexFit;
			};
			name = Debug;
		};
		0A8FC0DD2BD75491008467CE /* Release */ = {
			isa = XCBuildConfiguration;
			buildSettings = {
				ALWAYS_EMBED_SWIFT_STANDARD_LIBRARIES = YES;
				CODE_SIGN_STYLE = Automatic;
				CURRENT_PROJECT_VERSION = 1;
				DEVELOPMENT_TEAM = M2HFP4ZRPZ;
				GENERATE_INFOPLIST_FILE = YES;
				MARKETING_VERSION = 1.0;
				PRODUCT_BUNDLE_IDENTIFIER = FlexFit.FlexFitUITests;
				PRODUCT_NAME = "$(TARGET_NAME)";
				SWIFT_EMIT_LOC_STRINGS = NO;
				SWIFT_VERSION = 5.0;
				TARGETED_DEVICE_FAMILY = "1,2";
				TEST_TARGET_NAME = FlexFit;
			};
			name = Release;
		};
/* End XCBuildConfiguration section */

/* Begin XCConfigurationList section */
		0A8FC0AC2BD7548F008467CE /* Build configuration list for PBXProject "FlexFit" */ = {
			isa = XCConfigurationList;
			buildConfigurations = (
				0A8FC0D32BD75491008467CE /* Debug */,
				0A8FC0D42BD75491008467CE /* Release */,
			);
			defaultConfigurationIsVisible = 0;
			defaultConfigurationName = Release;
		};
		0A8FC0D52BD75491008467CE /* Build configuration list for PBXNativeTarget "FlexFit" */ = {
			isa = XCConfigurationList;
			buildConfigurations = (
				0A8FC0D62BD75491008467CE /* Debug */,
				0A8FC0D72BD75491008467CE /* Release */,
			);
			defaultConfigurationIsVisible = 0;
			defaultConfigurationName = Release;
		};
		0A8FC0D82BD75491008467CE /* Build configuration list for PBXNativeTarget "FlexFitTests" */ = {
			isa = XCConfigurationList;
			buildConfigurations = (
				0A8FC0D92BD75491008467CE /* Debug */,
				0A8FC0DA2BD75491008467CE /* Release */,
			);
			defaultConfigurationIsVisible = 0;
			defaultConfigurationName = Release;
		};
		0A8FC0DB2BD75491008467CE /* Build configuration list for PBXNativeTarget "FlexFitUITests" */ = {
			isa = XCConfigurationList;
			buildConfigurations = (
				0A8FC0DC2BD75491008467CE /* Debug */,
				0A8FC0DD2BD75491008467CE /* Release */,
			);
			defaultConfigurationIsVisible = 0;
			defaultConfigurationName = Release;
		};
/* End XCConfigurationList section */
	};
	rootObject = 0A8FC0A92BD7548F008467CE /* Project object */;
}
